
Microsoft Visual Studio Solution File, Format Version 12.00
# Visual Studio Version 16
VisualStudioVersion = 16.0.31911.196
MinimumVisualStudioVersion = 10.0.40219.1
Project("{FAE04EC0-301F-11D3-BF4B-00C04F79EFBC}") = "Respawn Menu Improvements", "Respawn Menu Improvements.csproj", "{4FB47D75-C4B0-4DF7-BF3F-A7172654CE1E}"
EndProject
Global
	GlobalSection(SolutionConfigurationPlatforms) = preSolution
		Debug|Any CPU = Debug|Any CPU
		Release|Any CPU = Release|Any CPU
	EndGlobalSection
	GlobalSection(ProjectConfigurationPlatforms) = postSolution
		{4FB47D75-C4B0-4DF7-BF3F-A7172654CE1E}.Debug|Any CPU.ActiveCfg = Debug|Any CPU
		{4FB47D75-C4B0-4DF7-BF3F-A7172654CE1E}.Debug|Any CPU.Build.0 = Debug|Any CPU
		{4FB47D75-C4B0-4DF7-BF3F-A7172654CE1E}.Release|Any CPU.ActiveCfg = Release|Any CPU
		{4FB47D75-C4B0-4DF7-BF3F-A7172654CE1E}.Release|Any CPU.Build.0 = Release|Any CPU
	EndGlobalSection
	GlobalSection(SolutionProperties) = preSolution
		HideSolutionNode = FALSE
	EndGlobalSection
	GlobalSection(ExtensibilityGlobals) = postSolution
		SolutionGuid = {AC34C800-7806-4A9A-8CD4-BC9393FB75FE}
	EndGlobalSection
EndGlobal
